
Microsoft Visual Studio Solution File, Format Version 12.00
# Visual Studio Version 17
VisualStudioVersion = 17.6.33723.286
MinimumVisualStudioVersion = 10.0.40219.1
Project("{9A19103F-16F7-4668-BE54-9A1E7A4F7556}") = "02. Repeat Strings", "01.Test\02. Repeat Strings.csproj", "{F7D64ABE-6741-4AB1-8CB0-D6EDC431AC59}"
EndProject
Project("{FAE04EC0-301F-11D3-BF4B-00C04F79EFBC}") = "01. Reverse Strings", "1. Reverse Strings\01. Reverse Strings.csproj", "{18E2F628-655C-4CDE-9CCC-82C1F965DF04}"
EndProject
Project("{FAE04EC0-301F-11D3-BF4B-00C04F79EFBC}") = "03. Substring", "03. Substring\03. Substring.csproj", "{2641348C-F853-4653-973B-D5B495C4F1DA}"
EndProject
Project("{FAE04EC0-301F-11D3-BF4B-00C04F79EFBC}") = "04. Text Filter", "04. Text Filter\04. Text Filter.csproj", "{409E58E8-AEDC-4EAA-9A5D-2420B099E794}"
EndProject
Project("{FAE04EC0-301F-11D3-BF4B-00C04F79EFBC}") = "05. Digits, Letters and Other", "05. Digits, Letters and Other\05. Digits, Letters and Other.csproj", "{047881A0-3590-4F8B-B0C7-FB6A75F9BB22}"
EndProject
Global
	GlobalSection(SolutionConfigurationPlatforms) = preSolution
		Debug|Any CPU = Debug|Any CPU
		Release|Any CPU = Release|Any CPU
	EndGlobalSection
	GlobalSection(ProjectConfigurationPlatforms) = postSolution
		{F7D64ABE-6741-4AB1-8CB0-D6EDC431AC59}.Debug|Any CPU.ActiveCfg = Debug|Any CPU
		{F7D64ABE-6741-4AB1-8CB0-D6EDC431AC59}.Debug|Any CPU.Build.0 = Debug|Any CPU
		{F7D64ABE-6741-4AB1-8CB0-D6EDC431AC59}.Release|Any CPU.ActiveCfg = Release|Any CPU
		{F7D64ABE-6741-4AB1-8CB0-D6EDC431AC59}.Release|Any CPU.Build.0 = Release|Any CPU
		{18E2F628-655C-4CDE-9CCC-82C1F965DF04}.Debug|Any CPU.ActiveCfg = Debug|Any CPU
		{18E2F628-655C-4CDE-9CCC-82C1F965DF04}.Debug|Any CPU.Build.0 = Debug|Any CPU
		{18E2F628-655C-4CDE-9CCC-82C1F965DF04}.Release|Any CPU.ActiveCfg = Release|Any CPU
		{18E2F628-655C-4CDE-9CCC-82C1F965DF04}.Release|Any CPU.Build.0 = Release|Any CPU
		{2641348C-F853-4653-973B-D5B495C4F1DA}.Debug|Any CPU.ActiveCfg = Debug|Any CPU
		{2641348C-F853-4653-973B-D5B495C4F1DA}.Debug|Any CPU.Build.0 = Debug|Any CPU
		{2641348C-F853-4653-973B-D5B495C4F1DA}.Release|Any CPU.ActiveCfg = Release|Any CPU
		{2641348C-F853-4653-973B-D5B495C4F1DA}.Release|Any CPU.Build.0 = Release|Any CPU
		{409E58E8-AEDC-4EAA-9A5D-2420B099E794}.Debug|Any CPU.ActiveCfg = Debug|Any CPU
		{409E58E8-AEDC-4EAA-9A5D-2420B099E794}.Debug|Any CPU.Build.0 = Debug|Any CPU
		{409E58E8-AEDC-4EAA-9A5D-2420B099E794}.Release|Any CPU.ActiveCfg = Release|Any CPU
		{409E58E8-AEDC-4EAA-9A5D-2420B099E794}.Release|Any CPU.Build.0 = Release|Any CPU
		{047881A0-3590-4F8B-B0C7-FB6A75F9BB22}.Debug|Any CPU.ActiveCfg = Debug|Any CPU
		{047881A0-3590-4F8B-B0C7-FB6A75F9BB22}.Debug|Any CPU.Build.0 = Debug|Any CPU
		{047881A0-3590-4F8B-B0C7-FB6A75F9BB22}.Release|Any CPU.ActiveCfg = Release|Any CPU
		{047881A0-3590-4F8B-B0C7-FB6A75F9BB22}.Release|Any CPU.Build.0 = Release|Any CPU
	EndGlobalSection
	GlobalSection(SolutionProperties) = preSolution
		HideSolutionNode = FALSE
	EndGlobalSection
	GlobalSection(ExtensibilityGlobals) = postSolution
		SolutionGuid = {46A6B72C-9BA7-4DF8-8C58-7943F0D4DE22}
	EndGlobalSection
EndGlobal
