
Microsoft Visual Studio Solution File, Format Version 12.00
# Visual Studio Version 17
VisualStudioVersion = 17.5.33530.505
MinimumVisualStudioVersion = 10.0.40219.1
Project("{FAE04EC0-301F-11D3-BF4B-00C04F79EFBC}") = "Submit a solution", "Submit a solution\Submit a solution.csproj", "{DCDEB1B1-E0EE-4BC6-ABA7-3D49D7439BB3}"
EndProject
Project("{FAE04EC0-301F-11D3-BF4B-00C04F79EFBC}") = "02. Division", "02. Division\02. Division.csproj", "{A31AB54B-FBFA-4B3F-9C6B-48F6EFC2E353}"
EndProject
Project("{FAE04EC0-301F-11D3-BF4B-00C04F79EFBC}") = "03. Vacation", "03. Vacation\03. Vacation.csproj", "{826F45E1-0B3A-4419-889A-DDA8527745BB}"
EndProject
Project("{FAE04EC0-301F-11D3-BF4B-00C04F79EFBC}") = "04. Print And sum", "04. Print And sum\04. Print And sum.csproj", "{811B9953-C278-4AC3-A950-58C8F75A09F1}"
EndProject
Project("{FAE04EC0-301F-11D3-BF4B-00C04F79EFBC}") = "05. Login", "05. Login\05. Login.csproj", "{B2D0FD22-47BA-476D-AF0A-787A5B2425B4}"
EndProject
Project("{FAE04EC0-301F-11D3-BF4B-00C04F79EFBC}") = "06. Strong number", "06. Strong number\06. Strong number.csproj", "{206643A9-25AF-4E58-A6DF-1A68BF6FCB40}"
EndProject
Project("{FAE04EC0-301F-11D3-BF4B-00C04F79EFBC}") = "07. Vending Machine", "07. Vending Machine\07. Vending Machine.csproj", "{9AAC7AFA-A31A-478D-88A4-3AC181DD8BD2}"
EndProject
Project("{FAE04EC0-301F-11D3-BF4B-00C04F79EFBC}") = "08. Triangle of Numbers", "08. Triangle of Numbers\08. Triangle of Numbers.csproj", "{8F3FA42A-761E-40D0-97B6-7447DD31882B}"
EndProject
Project("{FAE04EC0-301F-11D3-BF4B-00C04F79EFBC}") = "09. Padawan Equipment", "09. Padawan Equipment\09. Padawan Equipment.csproj", "{0A496B7A-C90B-4802-BB14-3975B08AD97B}"
EndProject
Project("{FAE04EC0-301F-11D3-BF4B-00C04F79EFBC}") = "10. Rage Expenses", "10. Rage Expenses\10. Rage Expenses.csproj", "{F709207E-F6C7-4226-99F9-EC8864D1B1D2}"
EndProject
Project("{FAE04EC0-301F-11D3-BF4B-00C04F79EFBC}") = "11. Orders", "11. Orders\11. Orders.csproj", "{516E56B6-EF25-4633-A3D1-E9A0059E710C}"
EndProject
Global
	GlobalSection(SolutionConfigurationPlatforms) = preSolution
		Debug|Any CPU = Debug|Any CPU
		Release|Any CPU = Release|Any CPU
	EndGlobalSection
	GlobalSection(ProjectConfigurationPlatforms) = postSolution
		{DCDEB1B1-E0EE-4BC6-ABA7-3D49D7439BB3}.Debug|Any CPU.ActiveCfg = Debug|Any CPU
		{DCDEB1B1-E0EE-4BC6-ABA7-3D49D7439BB3}.Debug|Any CPU.Build.0 = Debug|Any CPU
		{DCDEB1B1-E0EE-4BC6-ABA7-3D49D7439BB3}.Release|Any CPU.ActiveCfg = Release|Any CPU
		{DCDEB1B1-E0EE-4BC6-ABA7-3D49D7439BB3}.Release|Any CPU.Build.0 = Release|Any CPU
		{A31AB54B-FBFA-4B3F-9C6B-48F6EFC2E353}.Debug|Any CPU.ActiveCfg = Debug|Any CPU
		{A31AB54B-FBFA-4B3F-9C6B-48F6EFC2E353}.Debug|Any CPU.Build.0 = Debug|Any CPU
		{A31AB54B-FBFA-4B3F-9C6B-48F6EFC2E353}.Release|Any CPU.ActiveCfg = Release|Any CPU
		{A31AB54B-FBFA-4B3F-9C6B-48F6EFC2E353}.Release|Any CPU.Build.0 = Release|Any CPU
		{826F45E1-0B3A-4419-889A-DDA8527745BB}.Debug|Any CPU.ActiveCfg = Debug|Any CPU
		{826F45E1-0B3A-4419-889A-DDA8527745BB}.Debug|Any CPU.Build.0 = Debug|Any CPU
		{826F45E1-0B3A-4419-889A-DDA8527745BB}.Release|Any CPU.ActiveCfg = Release|Any CPU
		{826F45E1-0B3A-4419-889A-DDA8527745BB}.Release|Any CPU.Build.0 = Release|Any CPU
		{811B9953-C278-4AC3-A950-58C8F75A09F1}.Debug|Any CPU.ActiveCfg = Debug|Any CPU
		{811B9953-C278-4AC3-A950-58C8F75A09F1}.Debug|Any CPU.Build.0 = Debug|Any CPU
		{811B9953-C278-4AC3-A950-58C8F75A09F1}.Release|Any CPU.ActiveCfg = Release|Any CPU
		{811B9953-C278-4AC3-A950-58C8F75A09F1}.Release|Any CPU.Build.0 = Release|Any CPU
		{B2D0FD22-47BA-476D-AF0A-787A5B2425B4}.Debug|Any CPU.ActiveCfg = Debug|Any CPU
		{B2D0FD22-47BA-476D-AF0A-787A5B2425B4}.Debug|Any CPU.Build.0 = Debug|Any CPU
		{B2D0FD22-47BA-476D-AF0A-787A5B2425B4}.Release|Any CPU.ActiveCfg = Release|Any CPU
		{B2D0FD22-47BA-476D-AF0A-787A5B2425B4}.Release|Any CPU.Build.0 = Release|Any CPU
		{206643A9-25AF-4E58-A6DF-1A68BF6FCB40}.Debug|Any CPU.ActiveCfg = Debug|Any CPU
		{206643A9-25AF-4E58-A6DF-1A68BF6FCB40}.Debug|Any CPU.Build.0 = Debug|Any CPU
		{206643A9-25AF-4E58-A6DF-1A68BF6FCB40}.Release|Any CPU.ActiveCfg = Release|Any CPU
		{206643A9-25AF-4E58-A6DF-1A68BF6FCB40}.Release|Any CPU.Build.0 = Release|Any CPU
		{9AAC7AFA-A31A-478D-88A4-3AC181DD8BD2}.Debug|Any CPU.ActiveCfg = Debug|Any CPU
		{9AAC7AFA-A31A-478D-88A4-3AC181DD8BD2}.Debug|Any CPU.Build.0 = Debug|Any CPU
		{9AAC7AFA-A31A-478D-88A4-3AC181DD8BD2}.Release|Any CPU.ActiveCfg = Release|Any CPU
		{9AAC7AFA-A31A-478D-88A4-3AC181DD8BD2}.Release|Any CPU.Build.0 = Release|Any CPU
		{8F3FA42A-761E-40D0-97B6-7447DD31882B}.Debug|Any CPU.ActiveCfg = Debug|Any CPU
		{8F3FA42A-761E-40D0-97B6-7447DD31882B}.Debug|Any CPU.Build.0 = Debug|Any CPU
		{8F3FA42A-761E-40D0-97B6-7447DD31882B}.Release|Any CPU.ActiveCfg = Release|Any CPU
		{8F3FA42A-761E-40D0-97B6-7447DD31882B}.Release|Any CPU.Build.0 = Release|Any CPU
		{0A496B7A-C90B-4802-BB14-3975B08AD97B}.Debug|Any CPU.ActiveCfg = Debug|Any CPU
		{0A496B7A-C90B-4802-BB14-3975B08AD97B}.Debug|Any CPU.Build.0 = Debug|Any CPU
		{0A496B7A-C90B-4802-BB14-3975B08AD97B}.Release|Any CPU.ActiveCfg = Release|Any CPU
		{0A496B7A-C90B-4802-BB14-3975B08AD97B}.Release|Any CPU.Build.0 = Release|Any CPU
		{F709207E-F6C7-4226-99F9-EC8864D1B1D2}.Debug|Any CPU.ActiveCfg = Debug|Any CPU
		{F709207E-F6C7-4226-99F9-EC8864D1B1D2}.Debug|Any CPU.Build.0 = Debug|Any CPU
		{F709207E-F6C7-4226-99F9-EC8864D1B1D2}.Release|Any CPU.ActiveCfg = Release|Any CPU
		{F709207E-F6C7-4226-99F9-EC8864D1B1D2}.Release|Any CPU.Build.0 = Release|Any CPU
		{516E56B6-EF25-4633-A3D1-E9A0059E710C}.Debug|Any CPU.ActiveCfg = Debug|Any CPU
		{516E56B6-EF25-4633-A3D1-E9A0059E710C}.Debug|Any CPU.Build.0 = Debug|Any CPU
		{516E56B6-EF25-4633-A3D1-E9A0059E710C}.Release|Any CPU.ActiveCfg = Release|Any CPU
		{516E56B6-EF25-4633-A3D1-E9A0059E710C}.Release|Any CPU.Build.0 = Release|Any CPU
	EndGlobalSection
	GlobalSection(SolutionProperties) = preSolution
		HideSolutionNode = FALSE
	EndGlobalSection
	GlobalSection(ExtensibilityGlobals) = postSolution
		SolutionGuid = {055E8573-8887-4E42-9AE3-1A913FB7D37D}
	EndGlobalSection
EndGlobal
