
Microsoft Visual Studio Solution File, Format Version 12.00
# Visual Studio Version 17
VisualStudioVersion = 17.5.33530.505
MinimumVisualStudioVersion = 10.0.40219.1
Project("{FAE04EC0-301F-11D3-BF4B-00C04F79EFBC}") = "01. Smallest of Three Numbers", "01. Smallest of Three Numbers\01. Smallest of Three Numbers.csproj", "{2DB61E7C-D84A-48AA-B13D-693B06799B32}"
EndProject
Project("{FAE04EC0-301F-11D3-BF4B-00C04F79EFBC}") = "02. Vowels Count", "02. Vowels Count\02. Vowels Count.csproj", "{8006D92A-CA58-4E22-97AF-1D539C4A14F0}"
EndProject
Project("{FAE04EC0-301F-11D3-BF4B-00C04F79EFBC}") = "03. Characters in Range", "03. Characters in Range\03. Characters in Range.csproj", "{10899D8E-8E5E-4200-8A4D-836CD705DFCD}"
EndProject
Project("{FAE04EC0-301F-11D3-BF4B-00C04F79EFBC}") = "04. Password Validator", "04. Password Validator\04. Password Validator.csproj", "{C0D79EBA-3680-481F-A30B-8D20607C168A}"
EndProject
Project("{FAE04EC0-301F-11D3-BF4B-00C04F79EFBC}") = "05. Add and Subtract", "05. Add and Subtract\05. Add and Subtract.csproj", "{986DAF2D-8C92-4485-AD0C-794BF2013CC6}"
EndProject
Project("{FAE04EC0-301F-11D3-BF4B-00C04F79EFBC}") = "06. Middle Characters", "06. Middle Characters\06. Middle Characters.csproj", "{F987B6D4-EDFE-45A5-8F66-175AC855DAA7}"
EndProject
Project("{FAE04EC0-301F-11D3-BF4B-00C04F79EFBC}") = "07. NxN Matrix", "07. NxN Matrix\07. NxN Matrix.csproj", "{343891BC-8DCA-4439-BD60-C8D3F231BCA7}"
EndProject
Project("{FAE04EC0-301F-11D3-BF4B-00C04F79EFBC}") = "08. Factorial Division", "08. Factorial Division\08. Factorial Division.csproj", "{BF41CC61-7444-4B06-AE55-0BFDF7353556}"
EndProject
Project("{FAE04EC0-301F-11D3-BF4B-00C04F79EFBC}") = "09. Palindrome Integers", "09. Palindrome Integers\09. Palindrome Integers.csproj", "{6C988DD7-2788-4524-B375-27C0AC4A22C6}"
EndProject
Project("{FAE04EC0-301F-11D3-BF4B-00C04F79EFBC}") = "10. Top Number", "10. Top Number\10. Top Number.csproj", "{3B97C1E5-1C0D-4525-AED2-1970AF8AB33A}"
EndProject
Project("{FAE04EC0-301F-11D3-BF4B-00C04F79EFBC}") = "11. Array Manipulator", "11. Array Manipulator\11. Array Manipulator.csproj", "{99AB1B09-00F2-4E4B-878B-BA73FEA1B0EF}"
EndProject
Global
	GlobalSection(SolutionConfigurationPlatforms) = preSolution
		Debug|Any CPU = Debug|Any CPU
		Release|Any CPU = Release|Any CPU
	EndGlobalSection
	GlobalSection(ProjectConfigurationPlatforms) = postSolution
		{2DB61E7C-D84A-48AA-B13D-693B06799B32}.Debug|Any CPU.ActiveCfg = Debug|Any CPU
		{2DB61E7C-D84A-48AA-B13D-693B06799B32}.Debug|Any CPU.Build.0 = Debug|Any CPU
		{2DB61E7C-D84A-48AA-B13D-693B06799B32}.Release|Any CPU.ActiveCfg = Release|Any CPU
		{2DB61E7C-D84A-48AA-B13D-693B06799B32}.Release|Any CPU.Build.0 = Release|Any CPU
		{8006D92A-CA58-4E22-97AF-1D539C4A14F0}.Debug|Any CPU.ActiveCfg = Debug|Any CPU
		{8006D92A-CA58-4E22-97AF-1D539C4A14F0}.Debug|Any CPU.Build.0 = Debug|Any CPU
		{8006D92A-CA58-4E22-97AF-1D539C4A14F0}.Release|Any CPU.ActiveCfg = Release|Any CPU
		{8006D92A-CA58-4E22-97AF-1D539C4A14F0}.Release|Any CPU.Build.0 = Release|Any CPU
		{10899D8E-8E5E-4200-8A4D-836CD705DFCD}.Debug|Any CPU.ActiveCfg = Debug|Any CPU
		{10899D8E-8E5E-4200-8A4D-836CD705DFCD}.Debug|Any CPU.Build.0 = Debug|Any CPU
		{10899D8E-8E5E-4200-8A4D-836CD705DFCD}.Release|Any CPU.ActiveCfg = Release|Any CPU
		{10899D8E-8E5E-4200-8A4D-836CD705DFCD}.Release|Any CPU.Build.0 = Release|Any CPU
		{C0D79EBA-3680-481F-A30B-8D20607C168A}.Debug|Any CPU.ActiveCfg = Debug|Any CPU
		{C0D79EBA-3680-481F-A30B-8D20607C168A}.Debug|Any CPU.Build.0 = Debug|Any CPU
		{C0D79EBA-3680-481F-A30B-8D20607C168A}.Release|Any CPU.ActiveCfg = Release|Any CPU
		{C0D79EBA-3680-481F-A30B-8D20607C168A}.Release|Any CPU.Build.0 = Release|Any CPU
		{986DAF2D-8C92-4485-AD0C-794BF2013CC6}.Debug|Any CPU.ActiveCfg = Debug|Any CPU
		{986DAF2D-8C92-4485-AD0C-794BF2013CC6}.Debug|Any CPU.Build.0 = Debug|Any CPU
		{986DAF2D-8C92-4485-AD0C-794BF2013CC6}.Release|Any CPU.ActiveCfg = Release|Any CPU
		{986DAF2D-8C92-4485-AD0C-794BF2013CC6}.Release|Any CPU.Build.0 = Release|Any CPU
		{F987B6D4-EDFE-45A5-8F66-175AC855DAA7}.Debug|Any CPU.ActiveCfg = Debug|Any CPU
		{F987B6D4-EDFE-45A5-8F66-175AC855DAA7}.Debug|Any CPU.Build.0 = Debug|Any CPU
		{F987B6D4-EDFE-45A5-8F66-175AC855DAA7}.Release|Any CPU.ActiveCfg = Release|Any CPU
		{F987B6D4-EDFE-45A5-8F66-175AC855DAA7}.Release|Any CPU.Build.0 = Release|Any CPU
		{343891BC-8DCA-4439-BD60-C8D3F231BCA7}.Debug|Any CPU.ActiveCfg = Debug|Any CPU
		{343891BC-8DCA-4439-BD60-C8D3F231BCA7}.Debug|Any CPU.Build.0 = Debug|Any CPU
		{343891BC-8DCA-4439-BD60-C8D3F231BCA7}.Release|Any CPU.ActiveCfg = Release|Any CPU
		{343891BC-8DCA-4439-BD60-C8D3F231BCA7}.Release|Any CPU.Build.0 = Release|Any CPU
		{BF41CC61-7444-4B06-AE55-0BFDF7353556}.Debug|Any CPU.ActiveCfg = Debug|Any CPU
		{BF41CC61-7444-4B06-AE55-0BFDF7353556}.Debug|Any CPU.Build.0 = Debug|Any CPU
		{BF41CC61-7444-4B06-AE55-0BFDF7353556}.Release|Any CPU.ActiveCfg = Release|Any CPU
		{BF41CC61-7444-4B06-AE55-0BFDF7353556}.Release|Any CPU.Build.0 = Release|Any CPU
		{6C988DD7-2788-4524-B375-27C0AC4A22C6}.Debug|Any CPU.ActiveCfg = Debug|Any CPU
		{6C988DD7-2788-4524-B375-27C0AC4A22C6}.Debug|Any CPU.Build.0 = Debug|Any CPU
		{6C988DD7-2788-4524-B375-27C0AC4A22C6}.Release|Any CPU.ActiveCfg = Release|Any CPU
		{6C988DD7-2788-4524-B375-27C0AC4A22C6}.Release|Any CPU.Build.0 = Release|Any CPU
		{3B97C1E5-1C0D-4525-AED2-1970AF8AB33A}.Debug|Any CPU.ActiveCfg = Debug|Any CPU
		{3B97C1E5-1C0D-4525-AED2-1970AF8AB33A}.Debug|Any CPU.Build.0 = Debug|Any CPU
		{3B97C1E5-1C0D-4525-AED2-1970AF8AB33A}.Release|Any CPU.ActiveCfg = Release|Any CPU
		{3B97C1E5-1C0D-4525-AED2-1970AF8AB33A}.Release|Any CPU.Build.0 = Release|Any CPU
		{99AB1B09-00F2-4E4B-878B-BA73FEA1B0EF}.Debug|Any CPU.ActiveCfg = Debug|Any CPU
		{99AB1B09-00F2-4E4B-878B-BA73FEA1B0EF}.Debug|Any CPU.Build.0 = Debug|Any CPU
		{99AB1B09-00F2-4E4B-878B-BA73FEA1B0EF}.Release|Any CPU.ActiveCfg = Release|Any CPU
		{99AB1B09-00F2-4E4B-878B-BA73FEA1B0EF}.Release|Any CPU.Build.0 = Release|Any CPU
	EndGlobalSection
	GlobalSection(SolutionProperties) = preSolution
		HideSolutionNode = FALSE
	EndGlobalSection
	GlobalSection(ExtensibilityGlobals) = postSolution
		SolutionGuid = {C07579E1-217C-45F9-8503-827C22A299C6}
	EndGlobalSection
EndGlobal
