
Microsoft Visual Studio Solution File, Format Version 12.00
# Visual Studio Version 17
VisualStudioVersion = 17.5.33530.505
MinimumVisualStudioVersion = 10.0.40219.1
Project("{FAE04EC0-301F-11D3-BF4B-00C04F79EFBC}") = "01. Sort Numbers", "01. Sort Numbers\01. Sort Numbers.csproj", "{B444867D-DD0B-4133-AFE9-C3FC528ADA09}"
EndProject
Project("{FAE04EC0-301F-11D3-BF4B-00C04F79EFBC}") = "02. English Name of the Last Digit", "02. English Name of the Last Digit\02. English Name of the Last Digit.csproj", "{0AD06A03-7C39-4F81-BD7C-B874C810531A}"
EndProject
Project("{FAE04EC0-301F-11D3-BF4B-00C04F79EFBC}") = "03. Gaming Store", "03. Gaming Store\03. Gaming Store.csproj", "{7CA4F863-B007-4C4A-B942-BFFCC73EDDB4}"
EndProject
Project("{FAE04EC0-301F-11D3-BF4B-00C04F79EFBC}") = "04. Reverse String", "04. Reverse String\04. Reverse String.csproj", "{F69C18BE-7313-4502-91FD-A0D521102FF0}"
EndProject
Project("{FAE04EC0-301F-11D3-BF4B-00C04F79EFBC}") = "05. Messages", "05. Messages\05. Messages.csproj", "{88F78B5C-6320-4764-A0DB-927C842803D9}"
EndProject
Global
	GlobalSection(SolutionConfigurationPlatforms) = preSolution
		Debug|Any CPU = Debug|Any CPU
		Release|Any CPU = Release|Any CPU
	EndGlobalSection
	GlobalSection(ProjectConfigurationPlatforms) = postSolution
		{B444867D-DD0B-4133-AFE9-C3FC528ADA09}.Debug|Any CPU.ActiveCfg = Debug|Any CPU
		{B444867D-DD0B-4133-AFE9-C3FC528ADA09}.Debug|Any CPU.Build.0 = Debug|Any CPU
		{B444867D-DD0B-4133-AFE9-C3FC528ADA09}.Release|Any CPU.ActiveCfg = Release|Any CPU
		{B444867D-DD0B-4133-AFE9-C3FC528ADA09}.Release|Any CPU.Build.0 = Release|Any CPU
		{0AD06A03-7C39-4F81-BD7C-B874C810531A}.Debug|Any CPU.ActiveCfg = Debug|Any CPU
		{0AD06A03-7C39-4F81-BD7C-B874C810531A}.Debug|Any CPU.Build.0 = Debug|Any CPU
		{0AD06A03-7C39-4F81-BD7C-B874C810531A}.Release|Any CPU.ActiveCfg = Release|Any CPU
		{0AD06A03-7C39-4F81-BD7C-B874C810531A}.Release|Any CPU.Build.0 = Release|Any CPU
		{7CA4F863-B007-4C4A-B942-BFFCC73EDDB4}.Debug|Any CPU.ActiveCfg = Debug|Any CPU
		{7CA4F863-B007-4C4A-B942-BFFCC73EDDB4}.Debug|Any CPU.Build.0 = Debug|Any CPU
		{7CA4F863-B007-4C4A-B942-BFFCC73EDDB4}.Release|Any CPU.ActiveCfg = Release|Any CPU
		{7CA4F863-B007-4C4A-B942-BFFCC73EDDB4}.Release|Any CPU.Build.0 = Release|Any CPU
		{F69C18BE-7313-4502-91FD-A0D521102FF0}.Debug|Any CPU.ActiveCfg = Debug|Any CPU
		{F69C18BE-7313-4502-91FD-A0D521102FF0}.Debug|Any CPU.Build.0 = Debug|Any CPU
		{F69C18BE-7313-4502-91FD-A0D521102FF0}.Release|Any CPU.ActiveCfg = Release|Any CPU
		{F69C18BE-7313-4502-91FD-A0D521102FF0}.Release|Any CPU.Build.0 = Release|Any CPU
		{88F78B5C-6320-4764-A0DB-927C842803D9}.Debug|Any CPU.ActiveCfg = Debug|Any CPU
		{88F78B5C-6320-4764-A0DB-927C842803D9}.Debug|Any CPU.Build.0 = Debug|Any CPU
		{88F78B5C-6320-4764-A0DB-927C842803D9}.Release|Any CPU.ActiveCfg = Release|Any CPU
		{88F78B5C-6320-4764-A0DB-927C842803D9}.Release|Any CPU.Build.0 = Release|Any CPU
	EndGlobalSection
	GlobalSection(SolutionProperties) = preSolution
		HideSolutionNode = FALSE
	EndGlobalSection
	GlobalSection(ExtensibilityGlobals) = postSolution
		SolutionGuid = {AB326D5B-967D-47E0-9FC9-80D86B6B8BD5}
	EndGlobalSection
EndGlobal
